
Microsoft Visual Studio Solution File, Format Version 12.00
# Visual Studio Version 16
VisualStudioVersion = 16.0.32106.194
MinimumVisualStudioVersion = 10.0.40219.1
Project("{FAE04EC0-301F-11D3-BF4B-00C04F79EFBC}") = "pracktika2_test", "pracktika2_test.csproj", "{65485C87-59EA-4C19-A13E-1E622F7E3269}"
EndProject
Global
	GlobalSection(SolutionConfigurationPlatforms) = preSolution
		Debug|Any CPU = Debug|Any CPU
		Release|Any CPU = Release|Any CPU
	EndGlobalSection
	GlobalSection(ProjectConfigurationPlatforms) = postSolution
		{65485C87-59EA-4C19-A13E-1E622F7E3269}.Debug|Any CPU.ActiveCfg = Debug|Any CPU
		{65485C87-59EA-4C19-A13E-1E622F7E3269}.Debug|Any CPU.Build.0 = Debug|Any CPU
		{65485C87-59EA-4C19-A13E-1E622F7E3269}.Release|Any CPU.ActiveCfg = Release|Any CPU
		{65485C87-59EA-4C19-A13E-1E622F7E3269}.Release|Any CPU.Build.0 = Release|Any CPU
	EndGlobalSection
	GlobalSection(SolutionProperties) = preSolution
		HideSolutionNode = FALSE
	EndGlobalSection
	GlobalSection(ExtensibilityGlobals) = postSolution
		SolutionGuid = {D75A7522-AD90-4CB9-9906-B8EAB90B1243}
	EndGlobalSection
EndGlobal
