
Microsoft Visual Studio Solution File, Format Version 12.00
# Visual Studio Version 16
VisualStudioVersion = 16.0.32106.194
MinimumVisualStudioVersion = 10.0.40219.1
Project("{FAE04EC0-301F-11D3-BF4B-00C04F79EFBC}") = "pracktika3", "pracktika3.csproj", "{C5EF536A-C970-415E-A4BA-DE6C83BCD687}"
EndProject
Global
	GlobalSection(SolutionConfigurationPlatforms) = preSolution
		Debug|Any CPU = Debug|Any CPU
		Release|Any CPU = Release|Any CPU
	EndGlobalSection
	GlobalSection(ProjectConfigurationPlatforms) = postSolution
		{C5EF536A-C970-415E-A4BA-DE6C83BCD687}.Debug|Any CPU.ActiveCfg = Debug|Any CPU
		{C5EF536A-C970-415E-A4BA-DE6C83BCD687}.Debug|Any CPU.Build.0 = Debug|Any CPU
		{C5EF536A-C970-415E-A4BA-DE6C83BCD687}.Release|Any CPU.ActiveCfg = Release|Any CPU
		{C5EF536A-C970-415E-A4BA-DE6C83BCD687}.Release|Any CPU.Build.0 = Release|Any CPU
	EndGlobalSection
	GlobalSection(SolutionProperties) = preSolution
		HideSolutionNode = FALSE
	EndGlobalSection
	GlobalSection(ExtensibilityGlobals) = postSolution
		SolutionGuid = {4FEAADD6-6F35-4F8B-94E3-FCB1E8FAD6FC}
	EndGlobalSection
EndGlobal
