
Microsoft Visual Studio Solution File, Format Version 12.00
# Visual Studio Version 16
VisualStudioVersion = 16.0.32106.194
MinimumVisualStudioVersion = 10.0.40219.1
Project("{FAE04EC0-301F-11D3-BF4B-00C04F79EFBC}") = "pracktika3", "pracktika3\pracktika3.csproj", "{660D8291-38A0-45F5-A2BE-A0489AF0DACC}"
EndProject
Global
	GlobalSection(SolutionConfigurationPlatforms) = preSolution
		Debug|Any CPU = Debug|Any CPU
		Release|Any CPU = Release|Any CPU
	EndGlobalSection
	GlobalSection(ProjectConfigurationPlatforms) = postSolution
		{660D8291-38A0-45F5-A2BE-A0489AF0DACC}.Debug|Any CPU.ActiveCfg = Debug|Any CPU
		{660D8291-38A0-45F5-A2BE-A0489AF0DACC}.Debug|Any CPU.Build.0 = Debug|Any CPU
		{660D8291-38A0-45F5-A2BE-A0489AF0DACC}.Release|Any CPU.ActiveCfg = Release|Any CPU
		{660D8291-38A0-45F5-A2BE-A0489AF0DACC}.Release|Any CPU.Build.0 = Release|Any CPU
	EndGlobalSection
	GlobalSection(SolutionProperties) = preSolution
		HideSolutionNode = FALSE
	EndGlobalSection
	GlobalSection(ExtensibilityGlobals) = postSolution
		SolutionGuid = {7D1DBF96-EDD2-47F9-98CE-8015A67E64DF}
	EndGlobalSection
EndGlobal
