
Microsoft Visual Studio Solution File, Format Version 12.00
# Visual Studio Version 16
VisualStudioVersion = 16.0.32106.194
MinimumVisualStudioVersion = 10.0.40219.1
Project("{FAE04EC0-301F-11D3-BF4B-00C04F79EFBC}") = "pracktka2", "pracktka2\pracktka2.csproj", "{4C0F8AD0-083D-4E9E-8A10-892CA601A645}"
EndProject
Global
	GlobalSection(SolutionConfigurationPlatforms) = preSolution
		Debug|Any CPU = Debug|Any CPU
		Release|Any CPU = Release|Any CPU
	EndGlobalSection
	GlobalSection(ProjectConfigurationPlatforms) = postSolution
		{4C0F8AD0-083D-4E9E-8A10-892CA601A645}.Debug|Any CPU.ActiveCfg = Debug|Any CPU
		{4C0F8AD0-083D-4E9E-8A10-892CA601A645}.Debug|Any CPU.Build.0 = Debug|Any CPU
		{4C0F8AD0-083D-4E9E-8A10-892CA601A645}.Release|Any CPU.ActiveCfg = Release|Any CPU
		{4C0F8AD0-083D-4E9E-8A10-892CA601A645}.Release|Any CPU.Build.0 = Release|Any CPU
	EndGlobalSection
	GlobalSection(SolutionProperties) = preSolution
		HideSolutionNode = FALSE
	EndGlobalSection
	GlobalSection(ExtensibilityGlobals) = postSolution
		SolutionGuid = {656C59A3-851C-46EA-BF24-CBCE01A6FCC7}
	EndGlobalSection
EndGlobal
