
Microsoft Visual Studio Solution File, Format Version 12.00
# Visual Studio Version 16
VisualStudioVersion = 16.0.32106.194
MinimumVisualStudioVersion = 10.0.40219.1
Project("{FAE04EC0-301F-11D3-BF4B-00C04F79EFBC}") = "pracktika2", "pracktika2.csproj", "{AB725AA0-5AED-4A99-B822-11FD6A2FCADC}"
EndProject
Global
	GlobalSection(SolutionConfigurationPlatforms) = preSolution
		Debug|Any CPU = Debug|Any CPU
		Release|Any CPU = Release|Any CPU
	EndGlobalSection
	GlobalSection(ProjectConfigurationPlatforms) = postSolution
		{AB725AA0-5AED-4A99-B822-11FD6A2FCADC}.Debug|Any CPU.ActiveCfg = Debug|Any CPU
		{AB725AA0-5AED-4A99-B822-11FD6A2FCADC}.Debug|Any CPU.Build.0 = Debug|Any CPU
		{AB725AA0-5AED-4A99-B822-11FD6A2FCADC}.Release|Any CPU.ActiveCfg = Release|Any CPU
		{AB725AA0-5AED-4A99-B822-11FD6A2FCADC}.Release|Any CPU.Build.0 = Release|Any CPU
	EndGlobalSection
	GlobalSection(SolutionProperties) = preSolution
		HideSolutionNode = FALSE
	EndGlobalSection
	GlobalSection(ExtensibilityGlobals) = postSolution
		SolutionGuid = {99AB502E-D24C-4C72-B359-1E6BA706E549}
	EndGlobalSection
EndGlobal
